github.com/pion/dtls/v3 v3.0.2 h1:425DEeJ/jfuTTghhUDW0GtYZYIwwMtnKKJNMcWccTX0=
github.com/pion/dtls/v3 v3.0.2/go.mod h1:dfIXcFkKoujDQ+jtd8M6RgqKK3DuaUilm3YatAbGp5k=
golang.org/x/crypto v0.25.0 h1:ypSNr+bnYL2YhwoMt2zPxHFmbAN1KZs/njMG3hxUp30=
golang.org/x/crypto v0.25.0/go.mod h1:T+wALwcMOSE0kXgUAnPAHqTLW+XHgcELELW8VaDgm/M=
